{
  "name": "splyt",
  "version": "1.0.0",
  "lockfileVersion": 1,
  "requires": true,
  "dependencies": {
    "bitset": {
      "version": "5.0.5",
      "resolved": "https://registry.npmjs.org/bitset/-/bitset-5.0.5.tgz",
      "integrity": "sha512-d5Vu2PMD8BJ5KDBo8dbppo5git4dLhOenm2Sv3pbzDSKjoLOb2D6N9B4325d6KDmuMs+PNS5ZuHPvAwGO5O//w=="
    }
  }
}
